
Microsoft Visual Studio Solution File, Format Version 12.00
# Visual Studio Version 17
VisualStudioVersion = 17.10.35122.118
MinimumVisualStudioVersion = 10.0.40219.1
Project("{9A19103F-16F7-4668-BE54-9A1E7A4F7556}") = "TemperatureConverter", "TemperatureConverter\TemperatureConverter.csproj", "{EF841839-8DC4-4864-AAB5-8854698935A2}"
EndProject
Project("{9A19103F-16F7-4668-BE54-9A1E7A4F7556}") = "AsciiValueFinder", "AsciiValueFinder\AsciiValueFinder.csproj", "{F95F24D1-62A4-4A17-9473-27E65510AE5E}"
EndProject
Project("{9A19103F-16F7-4668-BE54-9A1E7A4F7556}") = "RectangleAreaCalculator", "RectangleAreaCalculator\RectangleAreaCalculator.csproj", "{6F4D41E0-E471-4C4C-8E92-BF172D2C826A}"
EndProject
Project("{9A19103F-16F7-4668-BE54-9A1E7A4F7556}") = "SwapValues", "SwapValues\SwapValues.csproj", "{B4D1A079-DB5B-471C-BDB5-7E27A5FCACB8}"
EndProject
Project("{9A19103F-16F7-4668-BE54-9A1E7A4F7556}") = "DaysConverter", "DayzConverter\DaysConverter.csproj", "{47593545-4C52-49C2-AB26-B4ED8F1A015D}"
EndProject
Project("{2150E333-8FDC-42A3-9474-1A3956D46DE8}") = "Solution Items", "Solution Items", "{F92AB02A-7045-4D39-80A6-4B616FA6EFCE}"
	ProjectSection(SolutionItems) = preProject
		.gitignore = .gitignore
	EndProjectSection
EndProject
Project("{9A19103F-16F7-4668-BE54-9A1E7A4F7556}") = "EvenOrOdd", "EvenOrOOdd\EvenOrOdd.csproj", "{2C880C35-DCD4-4836-9F2F-271DD87FCE72}"
EndProject
Project("{9A19103F-16F7-4668-BE54-9A1E7A4F7556}") = "PosNegZero", "PosNegZero\PosNegZero.csproj", "{A84FD015-D868-46E9-AA5A-F7E32F366F62}"
EndProject
Project("{9A19103F-16F7-4668-BE54-9A1E7A4F7556}") = "LeapYear", "LeapYear\LeapYear.csproj", "{379C4496-CDD6-4F1C-B170-7187624875FF}"
EndProject
Project("{9A19103F-16F7-4668-BE54-9A1E7A4F7556}") = "MultiplyOrAdd", "MultiplyOrAdd\MultiplyOrAdd.csproj", "{CF515AEE-8BAE-4F07-B2E0-8AC6C0185422}"
EndProject
Project("{9A19103F-16F7-4668-BE54-9A1E7A4F7556}") = "SameNumbers", "SameNumbers\SameNumbers.csproj", "{0B99F1FF-7000-464B-8A77-D0504DBC1927}"
EndProject
Project("{9A19103F-16F7-4668-BE54-9A1E7A4F7556}") = "NumbToWord", "NumbToWord\NumbToWord.csproj", "{7C9D7218-8AA2-44B6-AEBB-4CFE7043398A}"
EndProject
Project("{9A19103F-16F7-4668-BE54-9A1E7A4F7556}") = "PasswordMatch", "PasswordMatch\PasswordMatch.csproj", "{C3979C54-A6E4-4A24-823B-637AAB1298F0}"
EndProject
Project("{9A19103F-16F7-4668-BE54-9A1E7A4F7556}") = "MultiplicationTable", "MultiplicationTable\MultiplicationTable.csproj", "{222BA344-8B4F-4E9A-B5C3-E2598C1F8BC7}"
EndProject
Project("{9A19103F-16F7-4668-BE54-9A1E7A4F7556}") = "LargestInArray", "LargestInArray\LargestInArray.csproj", "{CDCE6862-27A1-4ECE-8608-54E4969793CC}"
EndProject
Project("{9A19103F-16F7-4668-BE54-9A1E7A4F7556}") = "SortingArray", "SortingArray\SortingArray.csproj", "{92EBE0C6-A11B-4C61-BA35-9919C0FF63B8}"
EndProject
Project("{FAE04EC0-301F-11D3-BF4B-00C04F79EFBC}") = "Even0to100", "Even0to100\Even0to100.csproj", "{15353358-44D1-492D-AACB-C141B2755A29}"
EndProject
Project("{FAE04EC0-301F-11D3-BF4B-00C04F79EFBC}") = "OddNumbers1-500", "OddNumbers1-500\OddNumbers1-500.csproj", "{F4470F25-0D72-4DE4-B33F-B619AC261C5F}"
EndProject
Project("{FAE04EC0-301F-11D3-BF4B-00C04F79EFBC}") = "ChristmasTree", "ChristmasTree\ChristmasTree.csproj", "{E1D54198-7AAF-45B4-A967-C6000DBC7D88}"
EndProject
Project("{FAE04EC0-301F-11D3-BF4B-00C04F79EFBC}") = "SumAndAverage", "SumAndAverage\SumAndAverage.csproj", "{BC5FCCC3-F508-408A-A109-3AA0B3867FB3}"
EndProject
Project("{FAE04EC0-301F-11D3-BF4B-00C04F79EFBC}") = "ReverseNumber", "ReverseNumber\ReverseNumber.csproj", "{38B44741-1133-425F-BB0F-9D97F0E204C7}"
EndProject
Project("{FAE04EC0-301F-11D3-BF4B-00C04F79EFBC}") = "PrintNumbers", "PrintNumbers\PrintNumbers.csproj", "{768AF9F3-CBE1-48FD-A00D-1E52967F1F63}"
EndProject
Project("{FAE04EC0-301F-11D3-BF4B-00C04F79EFBC}") = "FirstAndLastDigit", "FirstAndLastDigit\FirstAndLastDigit.csproj", "{C9F58A29-3DEB-42CA-9A14-6867FEBBB7BB}"
EndProject
Project("{FAE04EC0-301F-11D3-BF4B-00C04F79EFBC}") = "SumOfDigits", "SumOfDigits\SumOfDigits.csproj", "{E99A6A26-17B6-4E96-923F-7AE60D60348E}"
EndProject
Project("{FAE04EC0-301F-11D3-BF4B-00C04F79EFBC}") = "SumOfEvens", "SumOfEvens\SumOfEvens.csproj", "{6044C924-5F07-4AD7-BA67-80233B64B961}"
EndProject
Project("{FAE04EC0-301F-11D3-BF4B-00C04F79EFBC}") = "SeparatNumbers", "SeparatNumbers\SeparatNumbers.csproj", "{E429639B-1331-444E-86BC-FD1EB7973B53}"
EndProject
Global
	GlobalSection(SolutionConfigurationPlatforms) = preSolution
		Debug|Any CPU = Debug|Any CPU
		Release|Any CPU = Release|Any CPU
	EndGlobalSection
	GlobalSection(ProjectConfigurationPlatforms) = postSolution
		{EF841839-8DC4-4864-AAB5-8854698935A2}.Debug|Any CPU.ActiveCfg = Debug|Any CPU
		{EF841839-8DC4-4864-AAB5-8854698935A2}.Debug|Any CPU.Build.0 = Debug|Any CPU
		{EF841839-8DC4-4864-AAB5-8854698935A2}.Release|Any CPU.ActiveCfg = Release|Any CPU
		{EF841839-8DC4-4864-AAB5-8854698935A2}.Release|Any CPU.Build.0 = Release|Any CPU
		{F95F24D1-62A4-4A17-9473-27E65510AE5E}.Debug|Any CPU.ActiveCfg = Debug|Any CPU
		{F95F24D1-62A4-4A17-9473-27E65510AE5E}.Debug|Any CPU.Build.0 = Debug|Any CPU
		{F95F24D1-62A4-4A17-9473-27E65510AE5E}.Release|Any CPU.ActiveCfg = Release|Any CPU
		{F95F24D1-62A4-4A17-9473-27E65510AE5E}.Release|Any CPU.Build.0 = Release|Any CPU
		{6F4D41E0-E471-4C4C-8E92-BF172D2C826A}.Debug|Any CPU.ActiveCfg = Debug|Any CPU
		{6F4D41E0-E471-4C4C-8E92-BF172D2C826A}.Debug|Any CPU.Build.0 = Debug|Any CPU
		{6F4D41E0-E471-4C4C-8E92-BF172D2C826A}.Release|Any CPU.ActiveCfg = Release|Any CPU
		{6F4D41E0-E471-4C4C-8E92-BF172D2C826A}.Release|Any CPU.Build.0 = Release|Any CPU
		{B4D1A079-DB5B-471C-BDB5-7E27A5FCACB8}.Debug|Any CPU.ActiveCfg = Debug|Any CPU
		{B4D1A079-DB5B-471C-BDB5-7E27A5FCACB8}.Debug|Any CPU.Build.0 = Debug|Any CPU
		{B4D1A079-DB5B-471C-BDB5-7E27A5FCACB8}.Release|Any CPU.ActiveCfg = Release|Any CPU
		{B4D1A079-DB5B-471C-BDB5-7E27A5FCACB8}.Release|Any CPU.Build.0 = Release|Any CPU
		{47593545-4C52-49C2-AB26-B4ED8F1A015D}.Debug|Any CPU.ActiveCfg = Debug|Any CPU
		{47593545-4C52-49C2-AB26-B4ED8F1A015D}.Debug|Any CPU.Build.0 = Debug|Any CPU
		{47593545-4C52-49C2-AB26-B4ED8F1A015D}.Release|Any CPU.ActiveCfg = Release|Any CPU
		{47593545-4C52-49C2-AB26-B4ED8F1A015D}.Release|Any CPU.Build.0 = Release|Any CPU
		{2C880C35-DCD4-4836-9F2F-271DD87FCE72}.Debug|Any CPU.ActiveCfg = Debug|Any CPU
		{2C880C35-DCD4-4836-9F2F-271DD87FCE72}.Debug|Any CPU.Build.0 = Debug|Any CPU
		{2C880C35-DCD4-4836-9F2F-271DD87FCE72}.Release|Any CPU.ActiveCfg = Release|Any CPU
		{2C880C35-DCD4-4836-9F2F-271DD87FCE72}.Release|Any CPU.Build.0 = Release|Any CPU
		{A84FD015-D868-46E9-AA5A-F7E32F366F62}.Debug|Any CPU.ActiveCfg = Debug|Any CPU
		{A84FD015-D868-46E9-AA5A-F7E32F366F62}.Debug|Any CPU.Build.0 = Debug|Any CPU
		{A84FD015-D868-46E9-AA5A-F7E32F366F62}.Release|Any CPU.ActiveCfg = Release|Any CPU
		{A84FD015-D868-46E9-AA5A-F7E32F366F62}.Release|Any CPU.Build.0 = Release|Any CPU
		{379C4496-CDD6-4F1C-B170-7187624875FF}.Debug|Any CPU.ActiveCfg = Debug|Any CPU
		{379C4496-CDD6-4F1C-B170-7187624875FF}.Debug|Any CPU.Build.0 = Debug|Any CPU
		{379C4496-CDD6-4F1C-B170-7187624875FF}.Release|Any CPU.ActiveCfg = Release|Any CPU
		{379C4496-CDD6-4F1C-B170-7187624875FF}.Release|Any CPU.Build.0 = Release|Any CPU
		{CF515AEE-8BAE-4F07-B2E0-8AC6C0185422}.Debug|Any CPU.ActiveCfg = Debug|Any CPU
		{CF515AEE-8BAE-4F07-B2E0-8AC6C0185422}.Debug|Any CPU.Build.0 = Debug|Any CPU
		{CF515AEE-8BAE-4F07-B2E0-8AC6C0185422}.Release|Any CPU.ActiveCfg = Release|Any CPU
		{CF515AEE-8BAE-4F07-B2E0-8AC6C0185422}.Release|Any CPU.Build.0 = Release|Any CPU
		{0B99F1FF-7000-464B-8A77-D0504DBC1927}.Debug|Any CPU.ActiveCfg = Debug|Any CPU
		{0B99F1FF-7000-464B-8A77-D0504DBC1927}.Debug|Any CPU.Build.0 = Debug|Any CPU
		{0B99F1FF-7000-464B-8A77-D0504DBC1927}.Release|Any CPU.ActiveCfg = Release|Any CPU
		{0B99F1FF-7000-464B-8A77-D0504DBC1927}.Release|Any CPU.Build.0 = Release|Any CPU
		{7C9D7218-8AA2-44B6-AEBB-4CFE7043398A}.Debug|Any CPU.ActiveCfg = Debug|Any CPU
		{7C9D7218-8AA2-44B6-AEBB-4CFE7043398A}.Debug|Any CPU.Build.0 = Debug|Any CPU
		{7C9D7218-8AA2-44B6-AEBB-4CFE7043398A}.Release|Any CPU.ActiveCfg = Release|Any CPU
		{7C9D7218-8AA2-44B6-AEBB-4CFE7043398A}.Release|Any CPU.Build.0 = Release|Any CPU
		{C3979C54-A6E4-4A24-823B-637AAB1298F0}.Debug|Any CPU.ActiveCfg = Debug|Any CPU
		{C3979C54-A6E4-4A24-823B-637AAB1298F0}.Debug|Any CPU.Build.0 = Debug|Any CPU
		{C3979C54-A6E4-4A24-823B-637AAB1298F0}.Release|Any CPU.ActiveCfg = Release|Any CPU
		{C3979C54-A6E4-4A24-823B-637AAB1298F0}.Release|Any CPU.Build.0 = Release|Any CPU
		{222BA344-8B4F-4E9A-B5C3-E2598C1F8BC7}.Debug|Any CPU.ActiveCfg = Debug|Any CPU
		{222BA344-8B4F-4E9A-B5C3-E2598C1F8BC7}.Debug|Any CPU.Build.0 = Debug|Any CPU
		{222BA344-8B4F-4E9A-B5C3-E2598C1F8BC7}.Release|Any CPU.ActiveCfg = Release|Any CPU
		{222BA344-8B4F-4E9A-B5C3-E2598C1F8BC7}.Release|Any CPU.Build.0 = Release|Any CPU
		{CDCE6862-27A1-4ECE-8608-54E4969793CC}.Debug|Any CPU.ActiveCfg = Debug|Any CPU
		{CDCE6862-27A1-4ECE-8608-54E4969793CC}.Debug|Any CPU.Build.0 = Debug|Any CPU
		{CDCE6862-27A1-4ECE-8608-54E4969793CC}.Release|Any CPU.ActiveCfg = Release|Any CPU
		{CDCE6862-27A1-4ECE-8608-54E4969793CC}.Release|Any CPU.Build.0 = Release|Any CPU
		{92EBE0C6-A11B-4C61-BA35-9919C0FF63B8}.Debug|Any CPU.ActiveCfg = Debug|Any CPU
		{92EBE0C6-A11B-4C61-BA35-9919C0FF63B8}.Debug|Any CPU.Build.0 = Debug|Any CPU
		{92EBE0C6-A11B-4C61-BA35-9919C0FF63B8}.Release|Any CPU.ActiveCfg = Release|Any CPU
		{92EBE0C6-A11B-4C61-BA35-9919C0FF63B8}.Release|Any CPU.Build.0 = Release|Any CPU
		{15353358-44D1-492D-AACB-C141B2755A29}.Debug|Any CPU.ActiveCfg = Debug|Any CPU
		{15353358-44D1-492D-AACB-C141B2755A29}.Debug|Any CPU.Build.0 = Debug|Any CPU
		{15353358-44D1-492D-AACB-C141B2755A29}.Release|Any CPU.ActiveCfg = Release|Any CPU
		{15353358-44D1-492D-AACB-C141B2755A29}.Release|Any CPU.Build.0 = Release|Any CPU
		{F4470F25-0D72-4DE4-B33F-B619AC261C5F}.Debug|Any CPU.ActiveCfg = Debug|Any CPU
		{F4470F25-0D72-4DE4-B33F-B619AC261C5F}.Debug|Any CPU.Build.0 = Debug|Any CPU
		{F4470F25-0D72-4DE4-B33F-B619AC261C5F}.Release|Any CPU.ActiveCfg = Release|Any CPU
		{F4470F25-0D72-4DE4-B33F-B619AC261C5F}.Release|Any CPU.Build.0 = Release|Any CPU
		{E1D54198-7AAF-45B4-A967-C6000DBC7D88}.Debug|Any CPU.ActiveCfg = Debug|Any CPU
		{E1D54198-7AAF-45B4-A967-C6000DBC7D88}.Debug|Any CPU.Build.0 = Debug|Any CPU
		{E1D54198-7AAF-45B4-A967-C6000DBC7D88}.Release|Any CPU.ActiveCfg = Release|Any CPU
		{E1D54198-7AAF-45B4-A967-C6000DBC7D88}.Release|Any CPU.Build.0 = Release|Any CPU
		{BC5FCCC3-F508-408A-A109-3AA0B3867FB3}.Debug|Any CPU.ActiveCfg = Debug|Any CPU
		{BC5FCCC3-F508-408A-A109-3AA0B3867FB3}.Debug|Any CPU.Build.0 = Debug|Any CPU
		{BC5FCCC3-F508-408A-A109-3AA0B3867FB3}.Release|Any CPU.ActiveCfg = Release|Any CPU
		{BC5FCCC3-F508-408A-A109-3AA0B3867FB3}.Release|Any CPU.Build.0 = Release|Any CPU
		{38B44741-1133-425F-BB0F-9D97F0E204C7}.Debug|Any CPU.ActiveCfg = Debug|Any CPU
		{38B44741-1133-425F-BB0F-9D97F0E204C7}.Debug|Any CPU.Build.0 = Debug|Any CPU
		{38B44741-1133-425F-BB0F-9D97F0E204C7}.Release|Any CPU.ActiveCfg = Release|Any CPU
		{38B44741-1133-425F-BB0F-9D97F0E204C7}.Release|Any CPU.Build.0 = Release|Any CPU
		{768AF9F3-CBE1-48FD-A00D-1E52967F1F63}.Debug|Any CPU.ActiveCfg = Debug|Any CPU
		{768AF9F3-CBE1-48FD-A00D-1E52967F1F63}.Debug|Any CPU.Build.0 = Debug|Any CPU
		{768AF9F3-CBE1-48FD-A00D-1E52967F1F63}.Release|Any CPU.ActiveCfg = Release|Any CPU
		{768AF9F3-CBE1-48FD-A00D-1E52967F1F63}.Release|Any CPU.Build.0 = Release|Any CPU
		{C9F58A29-3DEB-42CA-9A14-6867FEBBB7BB}.Debug|Any CPU.ActiveCfg = Debug|Any CPU
		{C9F58A29-3DEB-42CA-9A14-6867FEBBB7BB}.Debug|Any CPU.Build.0 = Debug|Any CPU
		{C9F58A29-3DEB-42CA-9A14-6867FEBBB7BB}.Release|Any CPU.ActiveCfg = Release|Any CPU
		{C9F58A29-3DEB-42CA-9A14-6867FEBBB7BB}.Release|Any CPU.Build.0 = Release|Any CPU
		{E99A6A26-17B6-4E96-923F-7AE60D60348E}.Debug|Any CPU.ActiveCfg = Debug|Any CPU
		{E99A6A26-17B6-4E96-923F-7AE60D60348E}.Debug|Any CPU.Build.0 = Debug|Any CPU
		{E99A6A26-17B6-4E96-923F-7AE60D60348E}.Release|Any CPU.ActiveCfg = Release|Any CPU
		{E99A6A26-17B6-4E96-923F-7AE60D60348E}.Release|Any CPU.Build.0 = Release|Any CPU
		{6044C924-5F07-4AD7-BA67-80233B64B961}.Debug|Any CPU.ActiveCfg = Debug|Any CPU
		{6044C924-5F07-4AD7-BA67-80233B64B961}.Debug|Any CPU.Build.0 = Debug|Any CPU
		{6044C924-5F07-4AD7-BA67-80233B64B961}.Release|Any CPU.ActiveCfg = Release|Any CPU
		{6044C924-5F07-4AD7-BA67-80233B64B961}.Release|Any CPU.Build.0 = Release|Any CPU
		{E429639B-1331-444E-86BC-FD1EB7973B53}.Debug|Any CPU.ActiveCfg = Debug|Any CPU
		{E429639B-1331-444E-86BC-FD1EB7973B53}.Debug|Any CPU.Build.0 = Debug|Any CPU
		{E429639B-1331-444E-86BC-FD1EB7973B53}.Release|Any CPU.ActiveCfg = Release|Any CPU
		{E429639B-1331-444E-86BC-FD1EB7973B53}.Release|Any CPU.Build.0 = Release|Any CPU
	EndGlobalSection
	GlobalSection(SolutionProperties) = preSolution
		HideSolutionNode = FALSE
	EndGlobalSection
	GlobalSection(ExtensibilityGlobals) = postSolution
		SolutionGuid = {CBB453FA-6F13-4DDB-A4BA-9071291A71E4}
	EndGlobalSection
EndGlobal
