
Microsoft Visual Studio Solution File, Format Version 12.00
# Visual Studio Version 17
VisualStudioVersion = 17.10.35122.118
MinimumVisualStudioVersion = 10.0.40219.1
Project("{9A19103F-16F7-4668-BE54-9A1E7A4F7556}") = "TemperatureConverter", "TemperatureConverter\TemperatureConverter.csproj", "{EF841839-8DC4-4864-AAB5-8854698935A2}"
EndProject
Project("{9A19103F-16F7-4668-BE54-9A1E7A4F7556}") = "AsciiValueFinder", "AsciiValueFinder\AsciiValueFinder.csproj", "{F95F24D1-62A4-4A17-9473-27E65510AE5E}"
EndProject
Project("{9A19103F-16F7-4668-BE54-9A1E7A4F7556}") = "RectangleAreaCalculator", "RectangleAreaCalculator\RectangleAreaCalculator.csproj", "{6F4D41E0-E471-4C4C-8E92-BF172D2C826A}"
EndProject
Project("{9A19103F-16F7-4668-BE54-9A1E7A4F7556}") = "SwapValues", "SwapValues\SwapValues.csproj", "{B4D1A079-DB5B-471C-BDB5-7E27A5FCACB8}"
EndProject
Project("{FAE04EC0-301F-11D3-BF4B-00C04F79EFBC}") = "DaysConverter", "DayzConverter\DaysConverter.csproj", "{47593545-4C52-49C2-AB26-B4ED8F1A015D}"
EndProject
Global
	GlobalSection(SolutionConfigurationPlatforms) = preSolution
		Debug|Any CPU = Debug|Any CPU
		Release|Any CPU = Release|Any CPU
	EndGlobalSection
	GlobalSection(ProjectConfigurationPlatforms) = postSolution
		{EF841839-8DC4-4864-AAB5-8854698935A2}.Debug|Any CPU.ActiveCfg = Debug|Any CPU
		{EF841839-8DC4-4864-AAB5-8854698935A2}.Debug|Any CPU.Build.0 = Debug|Any CPU
		{EF841839-8DC4-4864-AAB5-8854698935A2}.Release|Any CPU.ActiveCfg = Release|Any CPU
		{EF841839-8DC4-4864-AAB5-8854698935A2}.Release|Any CPU.Build.0 = Release|Any CPU
		{F95F24D1-62A4-4A17-9473-27E65510AE5E}.Debug|Any CPU.ActiveCfg = Debug|Any CPU
		{F95F24D1-62A4-4A17-9473-27E65510AE5E}.Debug|Any CPU.Build.0 = Debug|Any CPU
		{F95F24D1-62A4-4A17-9473-27E65510AE5E}.Release|Any CPU.ActiveCfg = Release|Any CPU
		{F95F24D1-62A4-4A17-9473-27E65510AE5E}.Release|Any CPU.Build.0 = Release|Any CPU
		{6F4D41E0-E471-4C4C-8E92-BF172D2C826A}.Debug|Any CPU.ActiveCfg = Debug|Any CPU
		{6F4D41E0-E471-4C4C-8E92-BF172D2C826A}.Debug|Any CPU.Build.0 = Debug|Any CPU
		{6F4D41E0-E471-4C4C-8E92-BF172D2C826A}.Release|Any CPU.ActiveCfg = Release|Any CPU
		{6F4D41E0-E471-4C4C-8E92-BF172D2C826A}.Release|Any CPU.Build.0 = Release|Any CPU
		{B4D1A079-DB5B-471C-BDB5-7E27A5FCACB8}.Debug|Any CPU.ActiveCfg = Debug|Any CPU
		{B4D1A079-DB5B-471C-BDB5-7E27A5FCACB8}.Debug|Any CPU.Build.0 = Debug|Any CPU
		{B4D1A079-DB5B-471C-BDB5-7E27A5FCACB8}.Release|Any CPU.ActiveCfg = Release|Any CPU
		{B4D1A079-DB5B-471C-BDB5-7E27A5FCACB8}.Release|Any CPU.Build.0 = Release|Any CPU
		{47593545-4C52-49C2-AB26-B4ED8F1A015D}.Debug|Any CPU.ActiveCfg = Debug|Any CPU
		{47593545-4C52-49C2-AB26-B4ED8F1A015D}.Debug|Any CPU.Build.0 = Debug|Any CPU
		{47593545-4C52-49C2-AB26-B4ED8F1A015D}.Release|Any CPU.ActiveCfg = Release|Any CPU
		{47593545-4C52-49C2-AB26-B4ED8F1A015D}.Release|Any CPU.Build.0 = Release|Any CPU
	EndGlobalSection
	GlobalSection(SolutionProperties) = preSolution
		HideSolutionNode = FALSE
	EndGlobalSection
	GlobalSection(ExtensibilityGlobals) = postSolution
		SolutionGuid = {CBB453FA-6F13-4DDB-A4BA-9071291A71E4}
	EndGlobalSection
EndGlobal
